
Microsoft Visual Studio Solution File, Format Version 12.00
# Visual Studio Version 16
VisualStudioVersion = 16.0.31025.194
MinimumVisualStudioVersion = 10.0.40219.1
Project("{9A19103F-16F7-4668-BE54-9A1E7A4F7556}") = "MatrixProject", "MatrixProject\MatrixProject.csproj", "{D3191705-4FFB-455D-9FFC-71031B39F6C5}"
EndProject
Project("{9A19103F-16F7-4668-BE54-9A1E7A4F7556}") = "MatrixTests", "MatrixTests\MatrixTests.csproj", "{22066137-389E-41DF-8A56-14725D779840}"
EndProject
Project("{9A19103F-16F7-4668-BE54-9A1E7A4F7556}") = "MatrixClasses", "MatrixClasses\MatrixClasses.csproj", "{2B840E85-2028-4164-8AE5-EF44B84BAB5A}"
EndProject
Global
	GlobalSection(SolutionConfigurationPlatforms) = preSolution
		Debug|Any CPU = Debug|Any CPU
		Release|Any CPU = Release|Any CPU
	EndGlobalSection
	GlobalSection(ProjectConfigurationPlatforms) = postSolution
		{D3191705-4FFB-455D-9FFC-71031B39F6C5}.Debug|Any CPU.ActiveCfg = Debug|Any CPU
		{D3191705-4FFB-455D-9FFC-71031B39F6C5}.Debug|Any CPU.Build.0 = Debug|Any CPU
		{D3191705-4FFB-455D-9FFC-71031B39F6C5}.Release|Any CPU.ActiveCfg = Release|Any CPU
		{D3191705-4FFB-455D-9FFC-71031B39F6C5}.Release|Any CPU.Build.0 = Release|Any CPU
		{22066137-389E-41DF-8A56-14725D779840}.Debug|Any CPU.ActiveCfg = Debug|Any CPU
		{22066137-389E-41DF-8A56-14725D779840}.Debug|Any CPU.Build.0 = Debug|Any CPU
		{22066137-389E-41DF-8A56-14725D779840}.Release|Any CPU.ActiveCfg = Release|Any CPU
		{22066137-389E-41DF-8A56-14725D779840}.Release|Any CPU.Build.0 = Release|Any CPU
		{2B840E85-2028-4164-8AE5-EF44B84BAB5A}.Debug|Any CPU.ActiveCfg = Debug|Any CPU
		{2B840E85-2028-4164-8AE5-EF44B84BAB5A}.Debug|Any CPU.Build.0 = Debug|Any CPU
		{2B840E85-2028-4164-8AE5-EF44B84BAB5A}.Release|Any CPU.ActiveCfg = Release|Any CPU
		{2B840E85-2028-4164-8AE5-EF44B84BAB5A}.Release|Any CPU.Build.0 = Release|Any CPU
	EndGlobalSection
	GlobalSection(SolutionProperties) = preSolution
		HideSolutionNode = FALSE
	EndGlobalSection
	GlobalSection(ExtensibilityGlobals) = postSolution
		SolutionGuid = {7781E082-F898-4038-A6FF-022E0F5E784F}
	EndGlobalSection
EndGlobal
